{
    "_readme": [
        "This file locks the dependencies of your project to a known state",
        "Read more about it at http://getcomposer.org/doc/01-basic-usage.md#composer-lock-the-lock-file",
        "This file is @generated automatically"
    ],
    "hash": "3b2e3d87d5f274f165957106098db3da",
    "packages": [
        {
            "name": "illuminate/support",
            "version": "v4.2.9",
            "target-dir": "Illuminate/Support",
            "source": {
                "type": "git",
                "url": "https://github.com/illuminate/support.git",
                "reference": "b6716d34afce6e69523725f2534a5c3a54dba964"
            },
            "dist": {
                "type": "zip",
                "url": "https://api.github.com/repos/illuminate/support/zipball/b6716d34afce6e69523725f2534a5c3a54dba964",
                "reference": "b6716d34afce6e69523725f2534a5c3a54dba964",
                "shasum": ""
            },
            "require": {
                "php": ">=5.4.0"
            },
            "require-dev": {
                "jeremeamia/superclosure": "~1.0",
                "patchwork/utf8": "1.1.*"
            },
            "type": "library",
            "extra": {
                "branch-alias": {
                    "dev-master": "4.2-dev"
                }
            },
            "autoload": {
                "psr-0": {
                    "Illuminate\\Support": ""
                },
                "files": [
                    "Illuminate/Support/helpers.php"
                ]
            },
            "notification-url": "https://packagist.org/downloads/",
            "license": [
                "MIT"
            ],
            "authors": [
                {
                    "name": "Taylor Otwell",
                    "email": "taylorotwell@gmail.com"
                }
            ],
            "time": "2014-09-12 21:42:43"
        },
        {
            "name": "mgp25/WhatsAPI-Official",
            "version": "0.0.1",
            "source": {
                "type": "git",
                "url": "https://github.com/mgp25/WhatsAPI-Official.git",
                "reference": "0.0.1"
            },
            "dist": {
                "type": "zip",
                "url": "https://github.com/mgp25/WhatsAPI-Official/archive/master.zip",
                "reference": null,
                "shasum": null
            },
            "type": "library"
        },
        {
            "name": "thomasvargiu/tmv-whatsapi",
            "version": "v0.1.4",
            "source": {
                "type": "git",
                "url": "https://github.com/thomasvargiu/TmvWhatsApi.git",
                "reference": "ae819349e0dc93e69fa2b8c0c911a9ef149b2e4b"
            },
            "dist": {
                "type": "zip",
                "url": "https://api.github.com/repos/thomasvargiu/TmvWhatsApi/zipball/ae819349e0dc93e69fa2b8c0c911a9ef149b2e4b",
                "reference": "ae819349e0dc93e69fa2b8c0c911a9ef149b2e4b",
                "shasum": ""
            },
            "require": {
                "ext-curl": "*",
                "php": ">=5.3.6",
                "zendframework/zend-eventmanager": "~2.0"
            },
            "require-dev": {
                "fabpot/php-cs-fixer": "0.*@dev",
                "mockery/mockery": "@stable",
                "phpmd/phpmd": "1.4.*",
                "phpunit/phpunit": "3.7.*",
                "satooshi/php-coveralls": "dev-master",
                "squizlabs/php_codesniffer": "1.*"
            },
            "type": "library",
            "autoload": {
                "psr-4": {
                    "Tmv\\WhatsApi\\": [
                        "src/",
                        "tests/unit/"
                    ]
                }
            },
            "notification-url": "https://packagist.org/downloads/",
            "license": [
                "MIT"
            ],
            "authors": [
                {
                    "name": "Thomas Vargiu",
                    "email": "tommy@ttech.it",
                    "homepage": "http://thomasvargiu.com"
                }
            ],
            "description": "Full OOP library to communicate with WhatsApp service",
            "keywords": [
                "sms",
                "whatsapi",
                "whatsapp"
            ],
            "time": "2014-10-18 15:42:20"
        },
        {
            "name": "zendframework/zend-eventmanager",
            "version": "2.3.3",
            "target-dir": "Zend/EventManager",
            "source": {
                "type": "git",
                "url": "https://github.com/zendframework/Component_ZendEventManager.git",
                "reference": "4110fe64b10616b9bb71429a206d8e9e6d99e3ba"
            },
            "dist": {
                "type": "zip",
                "url": "https://api.github.com/repos/zendframework/Component_ZendEventManager/zipball/4110fe64b10616b9bb71429a206d8e9e6d99e3ba",
                "reference": "4110fe64b10616b9bb71429a206d8e9e6d99e3ba",
                "shasum": ""
            },
            "require": {
                "php": ">=5.3.23",
                "zendframework/zend-stdlib": "self.version"
            },
            "type": "library",
            "extra": {
                "branch-alias": {
                    "dev-master": "2.3-dev",
                    "dev-develop": "2.4-dev"
                }
            },
            "autoload": {
                "psr-0": {
                    "Zend\\EventManager\\": ""
                }
            },
            "notification-url": "https://packagist.org/downloads/",
            "license": [
                "BSD-3-Clause"
            ],
            "homepage": "https://github.com/zendframework/zf2",
            "keywords": [
                "eventmanager",
                "zf2"
            ],
            "time": "2014-09-16 22:58:11"
        },
        {
            "name": "zendframework/zend-stdlib",
            "version": "2.3.3",
            "target-dir": "Zend/Stdlib",
            "source": {
                "type": "git",
                "url": "https://github.com/zendframework/Component_ZendStdlib.git",
                "reference": "fa33e6647f830d0d2a1cb451efcdfe1bb9a66c33"
            },
            "dist": {
                "type": "zip",
                "url": "https://api.github.com/repos/zendframework/Component_ZendStdlib/zipball/fa33e6647f830d0d2a1cb451efcdfe1bb9a66c33",
                "reference": "fa33e6647f830d0d2a1cb451efcdfe1bb9a66c33",
                "shasum": ""
            },
            "require": {
                "php": ">=5.3.23"
            },
            "require-dev": {
                "zendframework/zend-eventmanager": "self.version",
                "zendframework/zend-serializer": "self.version",
                "zendframework/zend-servicemanager": "self.version"
            },
            "suggest": {
                "zendframework/zend-eventmanager": "To support aggregate hydrator usage",
                "zendframework/zend-serializer": "Zend\\Serializer component",
                "zendframework/zend-servicemanager": "To support hydrator plugin manager usage"
            },
            "type": "library",
            "extra": {
                "branch-alias": {
                    "dev-master": "2.3-dev",
                    "dev-develop": "2.4-dev"
                }
            },
            "autoload": {
                "psr-0": {
                    "Zend\\Stdlib\\": ""
                }
            },
            "notification-url": "https://packagist.org/downloads/",
            "license": [
                "BSD-3-Clause"
            ],
            "homepage": "https://github.com/zendframework/zf2",
            "keywords": [
                "stdlib",
                "zf2"
            ],
            "time": "2014-09-16 22:58:11"
        }
    ],
    "packages-dev": [],
    "aliases": [],
    "minimum-stability": "stable",
    "stability-flags": [],
    "prefer-stable": false,
    "platform": {
        "php": ">=5.4.0"
    },
    "platform-dev": []
}
